
Microsoft Visual Studio Solution File, Format Version 12.00
# Visual Studio Version 17
VisualStudioVersion = 17.7.34024.191
MinimumVisualStudioVersion = 10.0.40219.1
Project("{FAE04EC0-301F-11D3-BF4B-00C04F79EFBC}") = "countcharacters", "countcharacters.csproj", "{7C2317FB-44C3-40CE-B124-D45270C8F123}"
EndProject
Global
	GlobalSection(SolutionConfigurationPlatforms) = preSolution
		Debug|Any CPU = Debug|Any CPU
		Release|Any CPU = Release|Any CPU
	EndGlobalSection
	GlobalSection(ProjectConfigurationPlatforms) = postSolution
		{7C2317FB-44C3-40CE-B124-D45270C8F123}.Debug|Any CPU.ActiveCfg = Debug|Any CPU
		{7C2317FB-44C3-40CE-B124-D45270C8F123}.Debug|Any CPU.Build.0 = Debug|Any CPU
		{7C2317FB-44C3-40CE-B124-D45270C8F123}.Release|Any CPU.ActiveCfg = Release|Any CPU
		{7C2317FB-44C3-40CE-B124-D45270C8F123}.Release|Any CPU.Build.0 = Release|Any CPU
	EndGlobalSection
	GlobalSection(SolutionProperties) = preSolution
		HideSolutionNode = FALSE
	EndGlobalSection
	GlobalSection(ExtensibilityGlobals) = postSolution
		SolutionGuid = {063B3F4D-9FEF-4EBC-88B5-697AB9A64484}
	EndGlobalSection
EndGlobal
