
Microsoft Visual Studio Solution File, Format Version 12.00
# Visual Studio Version 17
VisualStudioVersion = 17.7.34024.191
MinimumVisualStudioVersion = 10.0.40219.1
Project("{FAE04EC0-301F-11D3-BF4B-00C04F79EFBC}") = "multilevelinheritance", "multilevelinheritance.csproj", "{9F071C1A-990B-4098-ACCB-116EA9A95E96}"
EndProject
Global
	GlobalSection(SolutionConfigurationPlatforms) = preSolution
		Debug|Any CPU = Debug|Any CPU
		Release|Any CPU = Release|Any CPU
	EndGlobalSection
	GlobalSection(ProjectConfigurationPlatforms) = postSolution
		{9F071C1A-990B-4098-ACCB-116EA9A95E96}.Debug|Any CPU.ActiveCfg = Debug|Any CPU
		{9F071C1A-990B-4098-ACCB-116EA9A95E96}.Debug|Any CPU.Build.0 = Debug|Any CPU
		{9F071C1A-990B-4098-ACCB-116EA9A95E96}.Release|Any CPU.ActiveCfg = Release|Any CPU
		{9F071C1A-990B-4098-ACCB-116EA9A95E96}.Release|Any CPU.Build.0 = Release|Any CPU
	EndGlobalSection
	GlobalSection(SolutionProperties) = preSolution
		HideSolutionNode = FALSE
	EndGlobalSection
	GlobalSection(ExtensibilityGlobals) = postSolution
		SolutionGuid = {6C9A9221-9FA4-4309-A90F-11B496DFDD2F}
	EndGlobalSection
EndGlobal
